
Microsoft Visual Studio Solution File, Format Version 12.00
# Visual Studio Version 16
VisualStudioVersion = 16.0.30320.27
MinimumVisualStudioVersion = 10.0.40219.1
Project("{FAE04EC0-301F-11D3-BF4B-00C04F79EFBC}") = "TestMoqSimpleIoc", "TestMoqSimpleIoc\TestMoqSimpleIoc.csproj", "{393AF513-9D35-4F0F-92D7-73206649EC38}"
EndProject
Project("{FAE04EC0-301F-11D3-BF4B-00C04F79EFBC}") = "TestProject", "TestProject\TestProject.csproj", "{1CB8AAFB-3A68-4FE5-9530-7F4B877A360F}"
EndProject
Global
	GlobalSection(SolutionConfigurationPlatforms) = preSolution
		Debug|Any CPU = Debug|Any CPU
		Release|Any CPU = Release|Any CPU
	EndGlobalSection
	GlobalSection(ProjectConfigurationPlatforms) = postSolution
		{393AF513-9D35-4F0F-92D7-73206649EC38}.Debug|Any CPU.ActiveCfg = Debug|Any CPU
		{393AF513-9D35-4F0F-92D7-73206649EC38}.Debug|Any CPU.Build.0 = Debug|Any CPU
		{393AF513-9D35-4F0F-92D7-73206649EC38}.Release|Any CPU.ActiveCfg = Release|Any CPU
		{393AF513-9D35-4F0F-92D7-73206649EC38}.Release|Any CPU.Build.0 = Release|Any CPU
		{1CB8AAFB-3A68-4FE5-9530-7F4B877A360F}.Debug|Any CPU.ActiveCfg = Debug|Any CPU
		{1CB8AAFB-3A68-4FE5-9530-7F4B877A360F}.Debug|Any CPU.Build.0 = Debug|Any CPU
		{1CB8AAFB-3A68-4FE5-9530-7F4B877A360F}.Release|Any CPU.ActiveCfg = Release|Any CPU
		{1CB8AAFB-3A68-4FE5-9530-7F4B877A360F}.Release|Any CPU.Build.0 = Release|Any CPU
	EndGlobalSection
	GlobalSection(SolutionProperties) = preSolution
		HideSolutionNode = FALSE
	EndGlobalSection
	GlobalSection(ExtensibilityGlobals) = postSolution
		SolutionGuid = {A41FB283-7329-46F3-A527-8189E9E85BAC}
	EndGlobalSection
EndGlobal
